
Microsoft Visual Studio Solution File, Format Version 12.00
# Visual Studio Version 17
VisualStudioVersion = 17.3.32825.248
MinimumVisualStudioVersion = 10.0.40219.1
Project("{FAE04EC0-301F-11D3-BF4B-00C04F79EFBC}") = "ConsoleAppOOPS", "ConsoleAppOOPS.csproj", "{601E9807-41FB-4782-8360-4568D5F00147}"
EndProject
Global
	GlobalSection(SolutionConfigurationPlatforms) = preSolution
		Debug|Any CPU = Debug|Any CPU
		Release|Any CPU = Release|Any CPU
	EndGlobalSection
	GlobalSection(ProjectConfigurationPlatforms) = postSolution
		{601E9807-41FB-4782-8360-4568D5F00147}.Debug|Any CPU.ActiveCfg = Debug|Any CPU
		{601E9807-41FB-4782-8360-4568D5F00147}.Debug|Any CPU.Build.0 = Debug|Any CPU
		{601E9807-41FB-4782-8360-4568D5F00147}.Release|Any CPU.ActiveCfg = Release|Any CPU
		{601E9807-41FB-4782-8360-4568D5F00147}.Release|Any CPU.Build.0 = Release|Any CPU
	EndGlobalSection
	GlobalSection(SolutionProperties) = preSolution
		HideSolutionNode = FALSE
	EndGlobalSection
	GlobalSection(ExtensibilityGlobals) = postSolution
		SolutionGuid = {96DA361E-EC15-4F13-99AF-BADDB3A944A0}
	EndGlobalSection
EndGlobal
