
Microsoft Visual Studio Solution File, Format Version 12.00
# Visual Studio Version 17
VisualStudioVersion = 17.3.32825.248
MinimumVisualStudioVersion = 10.0.40219.1
Project("{FAE04EC0-301F-11D3-BF4B-00C04F79EFBC}") = "Assignment1", "Assignment1.csproj", "{A9C276DE-8008-436D-B178-EE6F164EB87C}"
EndProject
Global
	GlobalSection(SolutionConfigurationPlatforms) = preSolution
		Debug|Any CPU = Debug|Any CPU
		Release|Any CPU = Release|Any CPU
	EndGlobalSection
	GlobalSection(ProjectConfigurationPlatforms) = postSolution
		{A9C276DE-8008-436D-B178-EE6F164EB87C}.Debug|Any CPU.ActiveCfg = Debug|Any CPU
		{A9C276DE-8008-436D-B178-EE6F164EB87C}.Debug|Any CPU.Build.0 = Debug|Any CPU
		{A9C276DE-8008-436D-B178-EE6F164EB87C}.Release|Any CPU.ActiveCfg = Release|Any CPU
		{A9C276DE-8008-436D-B178-EE6F164EB87C}.Release|Any CPU.Build.0 = Release|Any CPU
	EndGlobalSection
	GlobalSection(SolutionProperties) = preSolution
		HideSolutionNode = FALSE
	EndGlobalSection
	GlobalSection(ExtensibilityGlobals) = postSolution
		SolutionGuid = {662CF2E6-CA70-4A04-8E7B-60B9653C0F57}
	EndGlobalSection
EndGlobal
