
Microsoft Visual Studio Solution File, Format Version 12.00
# Visual Studio Version 17
VisualStudioVersion = 17.3.32825.248
MinimumVisualStudioVersion = 10.0.40219.1
Project("{9A19103F-16F7-4668-BE54-9A1E7A4F7556}") = "ConsoleApp15", "ConsoleApp15.csproj", "{34846CD2-7237-4F51-892C-2E91FFB8D0F2}"
EndProject
Global
	GlobalSection(SolutionConfigurationPlatforms) = preSolution
		Debug|Any CPU = Debug|Any CPU
		Release|Any CPU = Release|Any CPU
	EndGlobalSection
	GlobalSection(ProjectConfigurationPlatforms) = postSolution
		{34846CD2-7237-4F51-892C-2E91FFB8D0F2}.Debug|Any CPU.ActiveCfg = Debug|Any CPU
		{34846CD2-7237-4F51-892C-2E91FFB8D0F2}.Debug|Any CPU.Build.0 = Debug|Any CPU
		{34846CD2-7237-4F51-892C-2E91FFB8D0F2}.Release|Any CPU.ActiveCfg = Release|Any CPU
		{34846CD2-7237-4F51-892C-2E91FFB8D0F2}.Release|Any CPU.Build.0 = Release|Any CPU
	EndGlobalSection
	GlobalSection(SolutionProperties) = preSolution
		HideSolutionNode = FALSE
	EndGlobalSection
	GlobalSection(ExtensibilityGlobals) = postSolution
		SolutionGuid = {345D354A-C31D-4C52-83B0-D6635A8FBFC8}
	EndGlobalSection
EndGlobal
